
Microsoft Visual Studio Solution File, Format Version 12.00
# Visual Studio Version 17
VisualStudioVersion = 17.2.32616.157
MinimumVisualStudioVersion = 10.0.40219.1
Project("{9A19103F-16F7-4668-BE54-9A1E7A4F7556}") = "MS_Converter", "MS_Converter\MS_Converter.csproj", "{AE4AC5BC-6B93-4C73-A57C-75CE7DDBE946}"
EndProject
Project("{9A19103F-16F7-4668-BE54-9A1E7A4F7556}") = "archive_extractor", "archive_extractor\archive_extractor.csproj", "{20ECD08F-E7D5-4AA4-86C4-FDEEE792DCBE}"
	ProjectSection(ProjectDependencies) = postProject
		{AAA818AE-820B-440D-A60D-0F58B51D4C06} = {AAA818AE-820B-440D-A60D-0F58B51D4C06}
	EndProjectSection
EndProject
Project("{9A19103F-16F7-4668-BE54-9A1E7A4F7556}") = "archive_compressor", "archive_compressor\archive_compressor.csproj", "{48DCC47C-C940-425D-8326-B1C5A7CD59FB}"
EndProject
Project("{9A19103F-16F7-4668-BE54-9A1E7A4F7556}") = "Shared", "Shared\Shared.csproj", "{AAA818AE-820B-440D-A60D-0F58B51D4C06}"
EndProject
Project("{9A19103F-16F7-4668-BE54-9A1E7A4F7556}") = "BTSET_Converter", "BTSET_Converter\BTSET_Converter.csproj", "{D12C88BF-E5BA-4435-A200-694CC20BE789}"
	ProjectSection(ProjectDependencies) = postProject
		{AAA818AE-820B-440D-A60D-0F58B51D4C06} = {AAA818AE-820B-440D-A60D-0F58B51D4C06}
	EndProjectSection
EndProject
Project("{9A19103F-16F7-4668-BE54-9A1E7A4F7556}") = "AS_Converter", "AS_Converter\AS_Converter.csproj", "{9C673D21-FE59-4358-B400-C945FC8E2A07}"
EndProject
Project("{FAE04EC0-301F-11D3-BF4B-00C04F79EFBC}") = "T_MAGIC_Converter", "T_MAGIC_Converter\T_MAGIC_Converter.csproj", "{0183EA7E-2CDD-45C3-827E-3A4C04A259C8}"
EndProject
Global
	GlobalSection(SolutionConfigurationPlatforms) = preSolution
		BTSET_CONVERTER_SC|Any CPU = BTSET_CONVERTER_SC|Any CPU
		BTSET_CONVERTER_SC|x64 = BTSET_CONVERTER_SC|x64
		BTSET_CONVERTER_SC|x86 = BTSET_CONVERTER_SC|x86
		BTSET_Converter_THIRD|Any CPU = BTSET_Converter_THIRD|Any CPU
		BTSET_Converter_THIRD|x64 = BTSET_Converter_THIRD|x64
		BTSET_Converter_THIRD|x86 = BTSET_Converter_THIRD|x86
		Debug|Any CPU = Debug|Any CPU
		Debug|x64 = Debug|x64
		Debug|x86 = Debug|x86
		Release|Any CPU = Release|Any CPU
		Release|x64 = Release|x64
		Release|x86 = Release|x86
	EndGlobalSection
	GlobalSection(ProjectConfigurationPlatforms) = postSolution
		{AE4AC5BC-6B93-4C73-A57C-75CE7DDBE946}.BTSET_CONVERTER_SC|Any CPU.ActiveCfg = Release|Any CPU
		{AE4AC5BC-6B93-4C73-A57C-75CE7DDBE946}.BTSET_CONVERTER_SC|Any CPU.Build.0 = Release|Any CPU
		{AE4AC5BC-6B93-4C73-A57C-75CE7DDBE946}.BTSET_CONVERTER_SC|x64.ActiveCfg = Debug|Any CPU
		{AE4AC5BC-6B93-4C73-A57C-75CE7DDBE946}.BTSET_CONVERTER_SC|x64.Build.0 = Debug|Any CPU
		{AE4AC5BC-6B93-4C73-A57C-75CE7DDBE946}.BTSET_CONVERTER_SC|x86.ActiveCfg = Debug|Any CPU
		{AE4AC5BC-6B93-4C73-A57C-75CE7DDBE946}.BTSET_CONVERTER_SC|x86.Build.0 = Debug|Any CPU
		{AE4AC5BC-6B93-4C73-A57C-75CE7DDBE946}.BTSET_Converter_THIRD|Any CPU.ActiveCfg = Release|Any CPU
		{AE4AC5BC-6B93-4C73-A57C-75CE7DDBE946}.BTSET_Converter_THIRD|Any CPU.Build.0 = Release|Any CPU
		{AE4AC5BC-6B93-4C73-A57C-75CE7DDBE946}.BTSET_Converter_THIRD|x64.ActiveCfg = Debug|Any CPU
		{AE4AC5BC-6B93-4C73-A57C-75CE7DDBE946}.BTSET_Converter_THIRD|x64.Build.0 = Debug|Any CPU
		{AE4AC5BC-6B93-4C73-A57C-75CE7DDBE946}.BTSET_Converter_THIRD|x86.ActiveCfg = Debug|Any CPU
		{AE4AC5BC-6B93-4C73-A57C-75CE7DDBE946}.BTSET_Converter_THIRD|x86.Build.0 = Debug|Any CPU
		{AE4AC5BC-6B93-4C73-A57C-75CE7DDBE946}.Debug|Any CPU.ActiveCfg = Debug|Any CPU
		{AE4AC5BC-6B93-4C73-A57C-75CE7DDBE946}.Debug|Any CPU.Build.0 = Debug|Any CPU
		{AE4AC5BC-6B93-4C73-A57C-75CE7DDBE946}.Debug|x64.ActiveCfg = Debug|Any CPU
		{AE4AC5BC-6B93-4C73-A57C-75CE7DDBE946}.Debug|x64.Build.0 = Debug|Any CPU
		{AE4AC5BC-6B93-4C73-A57C-75CE7DDBE946}.Debug|x86.ActiveCfg = Debug|Any CPU
		{AE4AC5BC-6B93-4C73-A57C-75CE7DDBE946}.Debug|x86.Build.0 = Debug|Any CPU
		{AE4AC5BC-6B93-4C73-A57C-75CE7DDBE946}.Release|Any CPU.ActiveCfg = Release|Any CPU
		{AE4AC5BC-6B93-4C73-A57C-75CE7DDBE946}.Release|Any CPU.Build.0 = Release|Any CPU
		{AE4AC5BC-6B93-4C73-A57C-75CE7DDBE946}.Release|x64.ActiveCfg = Release|Any CPU
		{AE4AC5BC-6B93-4C73-A57C-75CE7DDBE946}.Release|x64.Build.0 = Release|Any CPU
		{AE4AC5BC-6B93-4C73-A57C-75CE7DDBE946}.Release|x86.ActiveCfg = Release|Any CPU
		{AE4AC5BC-6B93-4C73-A57C-75CE7DDBE946}.Release|x86.Build.0 = Release|Any CPU
		{20ECD08F-E7D5-4AA4-86C4-FDEEE792DCBE}.BTSET_CONVERTER_SC|Any CPU.ActiveCfg = Release|Any CPU
		{20ECD08F-E7D5-4AA4-86C4-FDEEE792DCBE}.BTSET_CONVERTER_SC|Any CPU.Build.0 = Release|Any CPU
		{20ECD08F-E7D5-4AA4-86C4-FDEEE792DCBE}.BTSET_CONVERTER_SC|x64.ActiveCfg = Debug|Any CPU
		{20ECD08F-E7D5-4AA4-86C4-FDEEE792DCBE}.BTSET_CONVERTER_SC|x64.Build.0 = Debug|Any CPU
		{20ECD08F-E7D5-4AA4-86C4-FDEEE792DCBE}.BTSET_CONVERTER_SC|x86.ActiveCfg = Debug|Any CPU
		{20ECD08F-E7D5-4AA4-86C4-FDEEE792DCBE}.BTSET_CONVERTER_SC|x86.Build.0 = Debug|Any CPU
		{20ECD08F-E7D5-4AA4-86C4-FDEEE792DCBE}.BTSET_Converter_THIRD|Any CPU.ActiveCfg = Release|Any CPU
		{20ECD08F-E7D5-4AA4-86C4-FDEEE792DCBE}.BTSET_Converter_THIRD|Any CPU.Build.0 = Release|Any CPU
		{20ECD08F-E7D5-4AA4-86C4-FDEEE792DCBE}.BTSET_Converter_THIRD|x64.ActiveCfg = Debug|Any CPU
		{20ECD08F-E7D5-4AA4-86C4-FDEEE792DCBE}.BTSET_Converter_THIRD|x64.Build.0 = Debug|Any CPU
		{20ECD08F-E7D5-4AA4-86C4-FDEEE792DCBE}.BTSET_Converter_THIRD|x86.ActiveCfg = Debug|Any CPU
		{20ECD08F-E7D5-4AA4-86C4-FDEEE792DCBE}.BTSET_Converter_THIRD|x86.Build.0 = Debug|Any CPU
		{20ECD08F-E7D5-4AA4-86C4-FDEEE792DCBE}.Debug|Any CPU.ActiveCfg = Debug|Any CPU
		{20ECD08F-E7D5-4AA4-86C4-FDEEE792DCBE}.Debug|Any CPU.Build.0 = Debug|Any CPU
		{20ECD08F-E7D5-4AA4-86C4-FDEEE792DCBE}.Debug|x64.ActiveCfg = Debug|Any CPU
		{20ECD08F-E7D5-4AA4-86C4-FDEEE792DCBE}.Debug|x64.Build.0 = Debug|Any CPU
		{20ECD08F-E7D5-4AA4-86C4-FDEEE792DCBE}.Debug|x86.ActiveCfg = Debug|Any CPU
		{20ECD08F-E7D5-4AA4-86C4-FDEEE792DCBE}.Debug|x86.Build.0 = Debug|Any CPU
		{20ECD08F-E7D5-4AA4-86C4-FDEEE792DCBE}.Release|Any CPU.ActiveCfg = Release|Any CPU
		{20ECD08F-E7D5-4AA4-86C4-FDEEE792DCBE}.Release|Any CPU.Build.0 = Release|Any CPU
		{20ECD08F-E7D5-4AA4-86C4-FDEEE792DCBE}.Release|x64.ActiveCfg = Release|Any CPU
		{20ECD08F-E7D5-4AA4-86C4-FDEEE792DCBE}.Release|x64.Build.0 = Release|Any CPU
		{20ECD08F-E7D5-4AA4-86C4-FDEEE792DCBE}.Release|x86.ActiveCfg = Release|Any CPU
		{20ECD08F-E7D5-4AA4-86C4-FDEEE792DCBE}.Release|x86.Build.0 = Release|Any CPU
		{48DCC47C-C940-425D-8326-B1C5A7CD59FB}.BTSET_CONVERTER_SC|Any CPU.ActiveCfg = Release|Any CPU
		{48DCC47C-C940-425D-8326-B1C5A7CD59FB}.BTSET_CONVERTER_SC|Any CPU.Build.0 = Release|Any CPU
		{48DCC47C-C940-425D-8326-B1C5A7CD59FB}.BTSET_CONVERTER_SC|x64.ActiveCfg = Debug|Any CPU
		{48DCC47C-C940-425D-8326-B1C5A7CD59FB}.BTSET_CONVERTER_SC|x64.Build.0 = Debug|Any CPU
		{48DCC47C-C940-425D-8326-B1C5A7CD59FB}.BTSET_CONVERTER_SC|x86.ActiveCfg = Debug|Any CPU
		{48DCC47C-C940-425D-8326-B1C5A7CD59FB}.BTSET_CONVERTER_SC|x86.Build.0 = Debug|Any CPU
		{48DCC47C-C940-425D-8326-B1C5A7CD59FB}.BTSET_Converter_THIRD|Any CPU.ActiveCfg = Release|Any CPU
		{48DCC47C-C940-425D-8326-B1C5A7CD59FB}.BTSET_Converter_THIRD|Any CPU.Build.0 = Release|Any CPU
		{48DCC47C-C940-425D-8326-B1C5A7CD59FB}.BTSET_Converter_THIRD|x64.ActiveCfg = Debug|Any CPU
		{48DCC47C-C940-425D-8326-B1C5A7CD59FB}.BTSET_Converter_THIRD|x64.Build.0 = Debug|Any CPU
		{48DCC47C-C940-425D-8326-B1C5A7CD59FB}.BTSET_Converter_THIRD|x86.ActiveCfg = Debug|Any CPU
		{48DCC47C-C940-425D-8326-B1C5A7CD59FB}.BTSET_Converter_THIRD|x86.Build.0 = Debug|Any CPU
		{48DCC47C-C940-425D-8326-B1C5A7CD59FB}.Debug|Any CPU.ActiveCfg = Debug|Any CPU
		{48DCC47C-C940-425D-8326-B1C5A7CD59FB}.Debug|Any CPU.Build.0 = Debug|Any CPU
		{48DCC47C-C940-425D-8326-B1C5A7CD59FB}.Debug|x64.ActiveCfg = Debug|Any CPU
		{48DCC47C-C940-425D-8326-B1C5A7CD59FB}.Debug|x64.Build.0 = Debug|Any CPU
		{48DCC47C-C940-425D-8326-B1C5A7CD59FB}.Debug|x86.ActiveCfg = Debug|Any CPU
		{48DCC47C-C940-425D-8326-B1C5A7CD59FB}.Debug|x86.Build.0 = Debug|Any CPU
		{48DCC47C-C940-425D-8326-B1C5A7CD59FB}.Release|Any CPU.ActiveCfg = Release|Any CPU
		{48DCC47C-C940-425D-8326-B1C5A7CD59FB}.Release|Any CPU.Build.0 = Release|Any CPU
		{48DCC47C-C940-425D-8326-B1C5A7CD59FB}.Release|x64.ActiveCfg = Release|Any CPU
		{48DCC47C-C940-425D-8326-B1C5A7CD59FB}.Release|x64.Build.0 = Release|Any CPU
		{48DCC47C-C940-425D-8326-B1C5A7CD59FB}.Release|x86.ActiveCfg = Release|Any CPU
		{48DCC47C-C940-425D-8326-B1C5A7CD59FB}.Release|x86.Build.0 = Release|Any CPU
		{AAA818AE-820B-440D-A60D-0F58B51D4C06}.BTSET_CONVERTER_SC|Any CPU.ActiveCfg = Release|Any CPU
		{AAA818AE-820B-440D-A60D-0F58B51D4C06}.BTSET_CONVERTER_SC|Any CPU.Build.0 = Release|Any CPU
		{AAA818AE-820B-440D-A60D-0F58B51D4C06}.BTSET_CONVERTER_SC|x64.ActiveCfg = Debug|Any CPU
		{AAA818AE-820B-440D-A60D-0F58B51D4C06}.BTSET_CONVERTER_SC|x64.Build.0 = Debug|Any CPU
		{AAA818AE-820B-440D-A60D-0F58B51D4C06}.BTSET_CONVERTER_SC|x86.ActiveCfg = Debug|Any CPU
		{AAA818AE-820B-440D-A60D-0F58B51D4C06}.BTSET_CONVERTER_SC|x86.Build.0 = Debug|Any CPU
		{AAA818AE-820B-440D-A60D-0F58B51D4C06}.BTSET_Converter_THIRD|Any CPU.ActiveCfg = Release|Any CPU
		{AAA818AE-820B-440D-A60D-0F58B51D4C06}.BTSET_Converter_THIRD|Any CPU.Build.0 = Release|Any CPU
		{AAA818AE-820B-440D-A60D-0F58B51D4C06}.BTSET_Converter_THIRD|x64.ActiveCfg = Debug|Any CPU
		{AAA818AE-820B-440D-A60D-0F58B51D4C06}.BTSET_Converter_THIRD|x64.Build.0 = Debug|Any CPU
		{AAA818AE-820B-440D-A60D-0F58B51D4C06}.BTSET_Converter_THIRD|x86.ActiveCfg = Debug|Any CPU
		{AAA818AE-820B-440D-A60D-0F58B51D4C06}.BTSET_Converter_THIRD|x86.Build.0 = Debug|Any CPU
		{AAA818AE-820B-440D-A60D-0F58B51D4C06}.Debug|Any CPU.ActiveCfg = Debug|Any CPU
		{AAA818AE-820B-440D-A60D-0F58B51D4C06}.Debug|Any CPU.Build.0 = Debug|Any CPU
		{AAA818AE-820B-440D-A60D-0F58B51D4C06}.Debug|x64.ActiveCfg = Debug|Any CPU
		{AAA818AE-820B-440D-A60D-0F58B51D4C06}.Debug|x64.Build.0 = Debug|Any CPU
		{AAA818AE-820B-440D-A60D-0F58B51D4C06}.Debug|x86.ActiveCfg = Debug|Any CPU
		{AAA818AE-820B-440D-A60D-0F58B51D4C06}.Debug|x86.Build.0 = Debug|Any CPU
		{AAA818AE-820B-440D-A60D-0F58B51D4C06}.Release|Any CPU.ActiveCfg = Release|Any CPU
		{AAA818AE-820B-440D-A60D-0F58B51D4C06}.Release|Any CPU.Build.0 = Release|Any CPU
		{AAA818AE-820B-440D-A60D-0F58B51D4C06}.Release|x64.ActiveCfg = Release|Any CPU
		{AAA818AE-820B-440D-A60D-0F58B51D4C06}.Release|x64.Build.0 = Release|Any CPU
		{AAA818AE-820B-440D-A60D-0F58B51D4C06}.Release|x86.ActiveCfg = Release|Any CPU
		{AAA818AE-820B-440D-A60D-0F58B51D4C06}.Release|x86.Build.0 = Release|Any CPU
		{D12C88BF-E5BA-4435-A200-694CC20BE789}.BTSET_CONVERTER_SC|Any CPU.ActiveCfg = BTSET_CONVERTER_SC|Any CPU
		{D12C88BF-E5BA-4435-A200-694CC20BE789}.BTSET_CONVERTER_SC|Any CPU.Build.0 = BTSET_CONVERTER_SC|Any CPU
		{D12C88BF-E5BA-4435-A200-694CC20BE789}.BTSET_CONVERTER_SC|x64.ActiveCfg = BTSET_CONVERTER_SC|Any CPU
		{D12C88BF-E5BA-4435-A200-694CC20BE789}.BTSET_CONVERTER_SC|x64.Build.0 = BTSET_CONVERTER_SC|Any CPU
		{D12C88BF-E5BA-4435-A200-694CC20BE789}.BTSET_CONVERTER_SC|x86.ActiveCfg = BTSET_CONVERTER_SC|Any CPU
		{D12C88BF-E5BA-4435-A200-694CC20BE789}.BTSET_CONVERTER_SC|x86.Build.0 = BTSET_CONVERTER_SC|Any CPU
		{D12C88BF-E5BA-4435-A200-694CC20BE789}.BTSET_Converter_THIRD|Any CPU.ActiveCfg = BTSET_Converter_THIRD|Any CPU
		{D12C88BF-E5BA-4435-A200-694CC20BE789}.BTSET_Converter_THIRD|Any CPU.Build.0 = BTSET_Converter_THIRD|Any CPU
		{D12C88BF-E5BA-4435-A200-694CC20BE789}.BTSET_Converter_THIRD|x64.ActiveCfg = BTSET_Converter_THIRD|Any CPU
		{D12C88BF-E5BA-4435-A200-694CC20BE789}.BTSET_Converter_THIRD|x64.Build.0 = BTSET_Converter_THIRD|Any CPU
		{D12C88BF-E5BA-4435-A200-694CC20BE789}.BTSET_Converter_THIRD|x86.ActiveCfg = BTSET_Converter_THIRD|Any CPU
		{D12C88BF-E5BA-4435-A200-694CC20BE789}.BTSET_Converter_THIRD|x86.Build.0 = BTSET_Converter_THIRD|Any CPU
		{D12C88BF-E5BA-4435-A200-694CC20BE789}.Debug|Any CPU.ActiveCfg = Debug|Any CPU
		{D12C88BF-E5BA-4435-A200-694CC20BE789}.Debug|Any CPU.Build.0 = Debug|Any CPU
		{D12C88BF-E5BA-4435-A200-694CC20BE789}.Debug|x64.ActiveCfg = Debug|Any CPU
		{D12C88BF-E5BA-4435-A200-694CC20BE789}.Debug|x64.Build.0 = Debug|Any CPU
		{D12C88BF-E5BA-4435-A200-694CC20BE789}.Debug|x86.ActiveCfg = Debug|Any CPU
		{D12C88BF-E5BA-4435-A200-694CC20BE789}.Debug|x86.Build.0 = Debug|Any CPU
		{D12C88BF-E5BA-4435-A200-694CC20BE789}.Release|Any CPU.ActiveCfg = Release|Any CPU
		{D12C88BF-E5BA-4435-A200-694CC20BE789}.Release|Any CPU.Build.0 = Release|Any CPU
		{D12C88BF-E5BA-4435-A200-694CC20BE789}.Release|x64.ActiveCfg = Release|Any CPU
		{D12C88BF-E5BA-4435-A200-694CC20BE789}.Release|x64.Build.0 = Release|Any CPU
		{D12C88BF-E5BA-4435-A200-694CC20BE789}.Release|x86.ActiveCfg = Release|Any CPU
		{D12C88BF-E5BA-4435-A200-694CC20BE789}.Release|x86.Build.0 = Release|Any CPU
		{9C673D21-FE59-4358-B400-C945FC8E2A07}.BTSET_CONVERTER_SC|Any CPU.ActiveCfg = Release|Any CPU
		{9C673D21-FE59-4358-B400-C945FC8E2A07}.BTSET_CONVERTER_SC|Any CPU.Build.0 = Release|Any CPU
		{9C673D21-FE59-4358-B400-C945FC8E2A07}.BTSET_CONVERTER_SC|x64.ActiveCfg = Debug|Any CPU
		{9C673D21-FE59-4358-B400-C945FC8E2A07}.BTSET_CONVERTER_SC|x64.Build.0 = Debug|Any CPU
		{9C673D21-FE59-4358-B400-C945FC8E2A07}.BTSET_CONVERTER_SC|x86.ActiveCfg = Debug|Any CPU
		{9C673D21-FE59-4358-B400-C945FC8E2A07}.BTSET_CONVERTER_SC|x86.Build.0 = Debug|Any CPU
		{9C673D21-FE59-4358-B400-C945FC8E2A07}.BTSET_Converter_THIRD|Any CPU.ActiveCfg = Release|Any CPU
		{9C673D21-FE59-4358-B400-C945FC8E2A07}.BTSET_Converter_THIRD|Any CPU.Build.0 = Release|Any CPU
		{9C673D21-FE59-4358-B400-C945FC8E2A07}.BTSET_Converter_THIRD|x64.ActiveCfg = Debug|Any CPU
		{9C673D21-FE59-4358-B400-C945FC8E2A07}.BTSET_Converter_THIRD|x64.Build.0 = Debug|Any CPU
		{9C673D21-FE59-4358-B400-C945FC8E2A07}.BTSET_Converter_THIRD|x86.ActiveCfg = Debug|Any CPU
		{9C673D21-FE59-4358-B400-C945FC8E2A07}.BTSET_Converter_THIRD|x86.Build.0 = Debug|Any CPU
		{9C673D21-FE59-4358-B400-C945FC8E2A07}.Debug|Any CPU.ActiveCfg = Debug|Any CPU
		{9C673D21-FE59-4358-B400-C945FC8E2A07}.Debug|Any CPU.Build.0 = Debug|Any CPU
		{9C673D21-FE59-4358-B400-C945FC8E2A07}.Debug|x64.ActiveCfg = Debug|Any CPU
		{9C673D21-FE59-4358-B400-C945FC8E2A07}.Debug|x64.Build.0 = Debug|Any CPU
		{9C673D21-FE59-4358-B400-C945FC8E2A07}.Debug|x86.ActiveCfg = Debug|Any CPU
		{9C673D21-FE59-4358-B400-C945FC8E2A07}.Debug|x86.Build.0 = Debug|Any CPU
		{9C673D21-FE59-4358-B400-C945FC8E2A07}.Release|Any CPU.ActiveCfg = Release|Any CPU
		{9C673D21-FE59-4358-B400-C945FC8E2A07}.Release|Any CPU.Build.0 = Release|Any CPU
		{9C673D21-FE59-4358-B400-C945FC8E2A07}.Release|x64.ActiveCfg = Release|Any CPU
		{9C673D21-FE59-4358-B400-C945FC8E2A07}.Release|x64.Build.0 = Release|Any CPU
		{9C673D21-FE59-4358-B400-C945FC8E2A07}.Release|x86.ActiveCfg = Release|Any CPU
		{9C673D21-FE59-4358-B400-C945FC8E2A07}.Release|x86.Build.0 = Release|Any CPU
		{0183EA7E-2CDD-45C3-827E-3A4C04A259C8}.BTSET_CONVERTER_SC|Any CPU.ActiveCfg = Debug|Any CPU
		{0183EA7E-2CDD-45C3-827E-3A4C04A259C8}.BTSET_CONVERTER_SC|Any CPU.Build.0 = Debug|Any CPU
		{0183EA7E-2CDD-45C3-827E-3A4C04A259C8}.BTSET_CONVERTER_SC|x64.ActiveCfg = Debug|Any CPU
		{0183EA7E-2CDD-45C3-827E-3A4C04A259C8}.BTSET_CONVERTER_SC|x64.Build.0 = Debug|Any CPU
		{0183EA7E-2CDD-45C3-827E-3A4C04A259C8}.BTSET_CONVERTER_SC|x86.ActiveCfg = Debug|Any CPU
		{0183EA7E-2CDD-45C3-827E-3A4C04A259C8}.BTSET_CONVERTER_SC|x86.Build.0 = Debug|Any CPU
		{0183EA7E-2CDD-45C3-827E-3A4C04A259C8}.BTSET_Converter_THIRD|Any CPU.ActiveCfg = Debug|Any CPU
		{0183EA7E-2CDD-45C3-827E-3A4C04A259C8}.BTSET_Converter_THIRD|Any CPU.Build.0 = Debug|Any CPU
		{0183EA7E-2CDD-45C3-827E-3A4C04A259C8}.BTSET_Converter_THIRD|x64.ActiveCfg = Debug|Any CPU
		{0183EA7E-2CDD-45C3-827E-3A4C04A259C8}.BTSET_Converter_THIRD|x64.Build.0 = Debug|Any CPU
		{0183EA7E-2CDD-45C3-827E-3A4C04A259C8}.BTSET_Converter_THIRD|x86.ActiveCfg = Debug|Any CPU
		{0183EA7E-2CDD-45C3-827E-3A4C04A259C8}.BTSET_Converter_THIRD|x86.Build.0 = Debug|Any CPU
		{0183EA7E-2CDD-45C3-827E-3A4C04A259C8}.Debug|Any CPU.ActiveCfg = Debug|Any CPU
		{0183EA7E-2CDD-45C3-827E-3A4C04A259C8}.Debug|Any CPU.Build.0 = Debug|Any CPU
		{0183EA7E-2CDD-45C3-827E-3A4C04A259C8}.Debug|x64.ActiveCfg = Debug|Any CPU
		{0183EA7E-2CDD-45C3-827E-3A4C04A259C8}.Debug|x64.Build.0 = Debug|Any CPU
		{0183EA7E-2CDD-45C3-827E-3A4C04A259C8}.Debug|x86.ActiveCfg = Debug|Any CPU
		{0183EA7E-2CDD-45C3-827E-3A4C04A259C8}.Debug|x86.Build.0 = Debug|Any CPU
		{0183EA7E-2CDD-45C3-827E-3A4C04A259C8}.Release|Any CPU.ActiveCfg = Release|Any CPU
		{0183EA7E-2CDD-45C3-827E-3A4C04A259C8}.Release|Any CPU.Build.0 = Release|Any CPU
		{0183EA7E-2CDD-45C3-827E-3A4C04A259C8}.Release|x64.ActiveCfg = Release|Any CPU
		{0183EA7E-2CDD-45C3-827E-3A4C04A259C8}.Release|x64.Build.0 = Release|Any CPU
		{0183EA7E-2CDD-45C3-827E-3A4C04A259C8}.Release|x86.ActiveCfg = Release|Any CPU
		{0183EA7E-2CDD-45C3-827E-3A4C04A259C8}.Release|x86.Build.0 = Release|Any CPU
	EndGlobalSection
	GlobalSection(SolutionProperties) = preSolution
		HideSolutionNode = FALSE
	EndGlobalSection
	GlobalSection(ExtensibilityGlobals) = postSolution
		SolutionGuid = {31D5C427-E2FB-4B3D-B28A-78B7261E62B3}
	EndGlobalSection
EndGlobal
