
Microsoft Visual Studio Solution File, Format Version 12.00
# Visual Studio Version 17
VisualStudioVersion = 17.2.32616.157
MinimumVisualStudioVersion = 10.0.40219.1
Project("{9A19103F-16F7-4668-BE54-9A1E7A4F7556}") = "format_converter", "format_converter\format_converter.csproj", "{AE4AC5BC-6B93-4C73-A57C-75CE7DDBE946}"
EndProject
Project("{9A19103F-16F7-4668-BE54-9A1E7A4F7556}") = "archive_extractor", "archive_extractor\archive_extractor.csproj", "{20ECD08F-E7D5-4AA4-86C4-FDEEE792DCBE}"
EndProject
Global
	GlobalSection(SolutionConfigurationPlatforms) = preSolution
		Debug|Any CPU = Debug|Any CPU
		Release|Any CPU = Release|Any CPU
	EndGlobalSection
	GlobalSection(ProjectConfigurationPlatforms) = postSolution
		{AE4AC5BC-6B93-4C73-A57C-75CE7DDBE946}.Debug|Any CPU.ActiveCfg = Debug|Any CPU
		{AE4AC5BC-6B93-4C73-A57C-75CE7DDBE946}.Debug|Any CPU.Build.0 = Debug|Any CPU
		{AE4AC5BC-6B93-4C73-A57C-75CE7DDBE946}.Release|Any CPU.ActiveCfg = Release|Any CPU
		{AE4AC5BC-6B93-4C73-A57C-75CE7DDBE946}.Release|Any CPU.Build.0 = Release|Any CPU
		{20ECD08F-E7D5-4AA4-86C4-FDEEE792DCBE}.Debug|Any CPU.ActiveCfg = Debug|Any CPU
		{20ECD08F-E7D5-4AA4-86C4-FDEEE792DCBE}.Debug|Any CPU.Build.0 = Debug|Any CPU
		{20ECD08F-E7D5-4AA4-86C4-FDEEE792DCBE}.Release|Any CPU.ActiveCfg = Release|Any CPU
		{20ECD08F-E7D5-4AA4-86C4-FDEEE792DCBE}.Release|Any CPU.Build.0 = Release|Any CPU
	EndGlobalSection
	GlobalSection(SolutionProperties) = preSolution
		HideSolutionNode = FALSE
	EndGlobalSection
	GlobalSection(ExtensibilityGlobals) = postSolution
		SolutionGuid = {31D5C427-E2FB-4B3D-B28A-78B7261E62B3}
	EndGlobalSection
EndGlobal
